
Microsoft Visual Studio Solution File, Format Version 12.00
# Visual Studio Version 16
VisualStudioVersion = 16.0.31321.278
MinimumVisualStudioVersion = 10.0.40219.1
Project("{9A19103F-16F7-4668-BE54-9A1E7A4F7556}") = "KztekKeyRegister", "KztekKeyRegister.csproj", "{2C36907F-B6D1-442C-9389-9A3161A7C64E}"
EndProject
Project("{FAE04EC0-301F-11D3-BF4B-00C04F79EFBC}") = "KztekKeyRegister_NFW", "..\KztekKeyRegister_NFW\KztekKeyRegister_NFW.csproj", "{18221EA2-8128-499E-AF2B-60D96B860B05}"
EndProject
Global
	GlobalSection(SolutionConfigurationPlatforms) = preSolution
		Debug|Any CPU = Debug|Any CPU
		Debug|x64 = Debug|x64
		Release|Any CPU = Release|Any CPU
		Release|x64 = Release|x64
	EndGlobalSection
	GlobalSection(ProjectConfigurationPlatforms) = postSolution
		{2C36907F-B6D1-442C-9389-9A3161A7C64E}.Debug|Any CPU.ActiveCfg = Debug|Any CPU
		{2C36907F-B6D1-442C-9389-9A3161A7C64E}.Debug|Any CPU.Build.0 = Debug|Any CPU
		{2C36907F-B6D1-442C-9389-9A3161A7C64E}.Debug|x64.ActiveCfg = Debug|x64
		{2C36907F-B6D1-442C-9389-9A3161A7C64E}.Debug|x64.Build.0 = Debug|x64
		{2C36907F-B6D1-442C-9389-9A3161A7C64E}.Release|Any CPU.ActiveCfg = Release|Any CPU
		{2C36907F-B6D1-442C-9389-9A3161A7C64E}.Release|Any CPU.Build.0 = Release|Any CPU
		{2C36907F-B6D1-442C-9389-9A3161A7C64E}.Release|x64.ActiveCfg = Release|x64
		{2C36907F-B6D1-442C-9389-9A3161A7C64E}.Release|x64.Build.0 = Release|x64
		{18221EA2-8128-499E-AF2B-60D96B860B05}.Debug|Any CPU.ActiveCfg = Debug|Any CPU
		{18221EA2-8128-499E-AF2B-60D96B860B05}.Debug|Any CPU.Build.0 = Debug|Any CPU
		{18221EA2-8128-499E-AF2B-60D96B860B05}.Debug|x64.ActiveCfg = Debug|Any CPU
		{18221EA2-8128-499E-AF2B-60D96B860B05}.Debug|x64.Build.0 = Debug|Any CPU
		{18221EA2-8128-499E-AF2B-60D96B860B05}.Release|Any CPU.ActiveCfg = Release|Any CPU
		{18221EA2-8128-499E-AF2B-60D96B860B05}.Release|Any CPU.Build.0 = Release|Any CPU
		{18221EA2-8128-499E-AF2B-60D96B860B05}.Release|x64.ActiveCfg = Release|Any CPU
		{18221EA2-8128-499E-AF2B-60D96B860B05}.Release|x64.Build.0 = Release|Any CPU
	EndGlobalSection
	GlobalSection(SolutionProperties) = preSolution
		HideSolutionNode = FALSE
	EndGlobalSection
	GlobalSection(ExtensibilityGlobals) = postSolution
		SolutionGuid = {F0BD8FCE-1D47-4EAA-9722-9A43104857A5}
	EndGlobalSection
EndGlobal
